
Microsoft Visual Studio Solution File, Format Version 12.00
# Visual Studio Version 16
VisualStudioVersion = 16.0.29020.237
MinimumVisualStudioVersion = 10.0.40219.1
Project("{FAE04EC0-301F-11D3-BF4B-00C04F79EFBC}") = "HelloWPF", "HelloWPF\HelloWPF.csproj", "{D51EAC55-5695-413D-974E-CE0319E03FDA}"
EndProject
Project("{FAE04EC0-301F-11D3-BF4B-00C04F79EFBC}") = "FirstEvent", "FirstEvent\FirstEvent.csproj", "{6148E200-950C-4B49-97F8-1C83B649E7A6}"
EndProject
Project("{FAE04EC0-301F-11D3-BF4B-00C04F79EFBC}") = "StartupUri", "StartupUri\StartupUri.csproj", "{05A05B19-C0FB-4308-96EE-223814A36542}"
EndProject
Project("{2150E333-8FDC-42A3-9474-1A3956D46DE8}") = "DataBinding", "DataBinding", "{985537F8-048C-43EC-9142-8257837E2CA9}"
EndProject
Project("{FAE04EC0-301F-11D3-BF4B-00C04F79EFBC}") = "DatabindingCodebehind", "DataBinding\DatabindingCodebehind\DatabindingCodebehind.csproj", "{3341DEF5-3B55-43FF-84AC-7F8D31454E07}"
EndProject
Project("{FAE04EC0-301F-11D3-BF4B-00C04F79EFBC}") = "DataBound", "DataBinding\DataBound\DataBound.csproj", "{CAB97B50-7C65-4535-B1C3-4FC7314BF4D9}"
EndProject
Project("{FAE04EC0-301F-11D3-BF4B-00C04F79EFBC}") = "DataContext", "DataBinding\DataContext\DataContext.csproj", "{6B668C95-2FF5-46CB-9C60-F79809B728C1}"
EndProject
Project("{FAE04EC0-301F-11D3-BF4B-00C04F79EFBC}") = "UpdateSourceTrigger", "DataBinding\UpdateSourceTrigger\UpdateSourceTrigger.csproj", "{653BE258-F6F9-46D6-9D3D-E4FCE82935EB}"
EndProject
Project("{FAE04EC0-301F-11D3-BF4B-00C04F79EFBC}") = "Respondingtochanges", "Respondingtochanges\Respondingtochanges.csproj", "{FCA2EB4A-16F5-4D58-B7DA-1A2B2BCB6B9F}"
EndProject
Global
	GlobalSection(SolutionConfigurationPlatforms) = preSolution
		Debug|Any CPU = Debug|Any CPU
		Release|Any CPU = Release|Any CPU
	EndGlobalSection
	GlobalSection(ProjectConfigurationPlatforms) = postSolution
		{D51EAC55-5695-413D-974E-CE0319E03FDA}.Debug|Any CPU.ActiveCfg = Debug|Any CPU
		{D51EAC55-5695-413D-974E-CE0319E03FDA}.Debug|Any CPU.Build.0 = Debug|Any CPU
		{D51EAC55-5695-413D-974E-CE0319E03FDA}.Release|Any CPU.ActiveCfg = Release|Any CPU
		{D51EAC55-5695-413D-974E-CE0319E03FDA}.Release|Any CPU.Build.0 = Release|Any CPU
		{6148E200-950C-4B49-97F8-1C83B649E7A6}.Debug|Any CPU.ActiveCfg = Debug|Any CPU
		{6148E200-950C-4B49-97F8-1C83B649E7A6}.Debug|Any CPU.Build.0 = Debug|Any CPU
		{6148E200-950C-4B49-97F8-1C83B649E7A6}.Release|Any CPU.ActiveCfg = Release|Any CPU
		{6148E200-950C-4B49-97F8-1C83B649E7A6}.Release|Any CPU.Build.0 = Release|Any CPU
		{05A05B19-C0FB-4308-96EE-223814A36542}.Debug|Any CPU.ActiveCfg = Debug|Any CPU
		{05A05B19-C0FB-4308-96EE-223814A36542}.Debug|Any CPU.Build.0 = Debug|Any CPU
		{05A05B19-C0FB-4308-96EE-223814A36542}.Release|Any CPU.ActiveCfg = Release|Any CPU
		{05A05B19-C0FB-4308-96EE-223814A36542}.Release|Any CPU.Build.0 = Release|Any CPU
		{3341DEF5-3B55-43FF-84AC-7F8D31454E07}.Debug|Any CPU.ActiveCfg = Debug|Any CPU
		{3341DEF5-3B55-43FF-84AC-7F8D31454E07}.Debug|Any CPU.Build.0 = Debug|Any CPU
		{3341DEF5-3B55-43FF-84AC-7F8D31454E07}.Release|Any CPU.ActiveCfg = Release|Any CPU
		{3341DEF5-3B55-43FF-84AC-7F8D31454E07}.Release|Any CPU.Build.0 = Release|Any CPU
		{CAB97B50-7C65-4535-B1C3-4FC7314BF4D9}.Debug|Any CPU.ActiveCfg = Debug|Any CPU
		{CAB97B50-7C65-4535-B1C3-4FC7314BF4D9}.Debug|Any CPU.Build.0 = Debug|Any CPU
		{CAB97B50-7C65-4535-B1C3-4FC7314BF4D9}.Release|Any CPU.ActiveCfg = Release|Any CPU
		{CAB97B50-7C65-4535-B1C3-4FC7314BF4D9}.Release|Any CPU.Build.0 = Release|Any CPU
		{6B668C95-2FF5-46CB-9C60-F79809B728C1}.Debug|Any CPU.ActiveCfg = Debug|Any CPU
		{6B668C95-2FF5-46CB-9C60-F79809B728C1}.Debug|Any CPU.Build.0 = Debug|Any CPU
		{6B668C95-2FF5-46CB-9C60-F79809B728C1}.Release|Any CPU.ActiveCfg = Release|Any CPU
		{6B668C95-2FF5-46CB-9C60-F79809B728C1}.Release|Any CPU.Build.0 = Release|Any CPU
		{653BE258-F6F9-46D6-9D3D-E4FCE82935EB}.Debug|Any CPU.ActiveCfg = Debug|Any CPU
		{653BE258-F6F9-46D6-9D3D-E4FCE82935EB}.Debug|Any CPU.Build.0 = Debug|Any CPU
		{653BE258-F6F9-46D6-9D3D-E4FCE82935EB}.Release|Any CPU.ActiveCfg = Release|Any CPU
		{653BE258-F6F9-46D6-9D3D-E4FCE82935EB}.Release|Any CPU.Build.0 = Release|Any CPU
		{FCA2EB4A-16F5-4D58-B7DA-1A2B2BCB6B9F}.Debug|Any CPU.ActiveCfg = Debug|Any CPU
		{FCA2EB4A-16F5-4D58-B7DA-1A2B2BCB6B9F}.Debug|Any CPU.Build.0 = Debug|Any CPU
		{FCA2EB4A-16F5-4D58-B7DA-1A2B2BCB6B9F}.Release|Any CPU.ActiveCfg = Release|Any CPU
		{FCA2EB4A-16F5-4D58-B7DA-1A2B2BCB6B9F}.Release|Any CPU.Build.0 = Release|Any CPU
	EndGlobalSection
	GlobalSection(SolutionProperties) = preSolution
		HideSolutionNode = FALSE
	EndGlobalSection
	GlobalSection(NestedProjects) = preSolution
		{3341DEF5-3B55-43FF-84AC-7F8D31454E07} = {985537F8-048C-43EC-9142-8257837E2CA9}
		{CAB97B50-7C65-4535-B1C3-4FC7314BF4D9} = {985537F8-048C-43EC-9142-8257837E2CA9}
		{6B668C95-2FF5-46CB-9C60-F79809B728C1} = {985537F8-048C-43EC-9142-8257837E2CA9}
		{653BE258-F6F9-46D6-9D3D-E4FCE82935EB} = {985537F8-048C-43EC-9142-8257837E2CA9}
		{FCA2EB4A-16F5-4D58-B7DA-1A2B2BCB6B9F} = {985537F8-048C-43EC-9142-8257837E2CA9}
	EndGlobalSection
	GlobalSection(ExtensibilityGlobals) = postSolution
		SolutionGuid = {2938ACB7-0DB8-4C1F-A371-A8A11A041A50}
	EndGlobalSection
EndGlobal
